
Microsoft Visual Studio Solution File, Format Version 12.00
# Visual Studio Version 17
VisualStudioVersion = 17.0.31825.309
MinimumVisualStudioVersion = 10.0.40219.1
Project("{9A19103F-16F7-4668-BE54-9A1E7A4F7556}") = "Paint", "Paint\Paint.csproj", "{440A8828-86B7-4301-AB24-946292D7210D}"
EndProject
Project("{9A19103F-16F7-4668-BE54-9A1E7A4F7556}") = "Contract", "Contract\Contract.csproj", "{9E88BE4C-E245-4C59-BA42-C27C7DF332B2}"
EndProject
Project("{9A19103F-16F7-4668-BE54-9A1E7A4F7556}") = "SquareShape", "SquareShape\SquareShape.csproj", "{82EE114A-43E0-47B5-936A-DD797C006D84}"
EndProject
Project("{9A19103F-16F7-4668-BE54-9A1E7A4F7556}") = "RectangleShape", "RectangleShape\RectangleShape.csproj", "{5A552DE2-B5D0-4DCE-B133-F4C09DFE9C31}"
EndProject
Project("{9A19103F-16F7-4668-BE54-9A1E7A4F7556}") = "LineDraw", "LineDraw\LineDraw.csproj", "{3190E15C-685F-4CC1-9560-80952CD6A5D2}"
EndProject
Project("{9A19103F-16F7-4668-BE54-9A1E7A4F7556}") = "EllipseShape", "EllipseShape\EllipseShape.csproj", "{F5038189-F817-4D60-9523-5D8E1308E1C9}"
EndProject
Project("{9A19103F-16F7-4668-BE54-9A1E7A4F7556}") = "CircleShape", "CircleShape\CircleShape.csproj", "{D9A8CDA1-6F4B-4309-B705-E8DEA3B068CA}"
EndProject
Project("{FAE04EC0-301F-11D3-BF4B-00C04F79EFBC}") = "TriangleShape", "TriangleShape\TriangleShape.csproj", "{83B9C61F-C839-424E-AAF9-3EE4BEFBAC07}"
EndProject
Project("{54435603-DBB4-11D2-8724-00A0C9A8B90C}") = "Setup1", "Setup1\Setup1.vdproj", "{A72E6B86-994A-4622-84D0-295ACEA39826}"
EndProject
Global
	GlobalSection(SolutionConfigurationPlatforms) = preSolution
		Debug|Any CPU = Debug|Any CPU
		Release|Any CPU = Release|Any CPU
	EndGlobalSection
	GlobalSection(ProjectConfigurationPlatforms) = postSolution
		{440A8828-86B7-4301-AB24-946292D7210D}.Debug|Any CPU.ActiveCfg = Debug|Any CPU
		{440A8828-86B7-4301-AB24-946292D7210D}.Debug|Any CPU.Build.0 = Debug|Any CPU
		{440A8828-86B7-4301-AB24-946292D7210D}.Release|Any CPU.ActiveCfg = Release|Any CPU
		{440A8828-86B7-4301-AB24-946292D7210D}.Release|Any CPU.Build.0 = Release|Any CPU
		{9E88BE4C-E245-4C59-BA42-C27C7DF332B2}.Debug|Any CPU.ActiveCfg = Debug|Any CPU
		{9E88BE4C-E245-4C59-BA42-C27C7DF332B2}.Debug|Any CPU.Build.0 = Debug|Any CPU
		{9E88BE4C-E245-4C59-BA42-C27C7DF332B2}.Release|Any CPU.ActiveCfg = Release|Any CPU
		{9E88BE4C-E245-4C59-BA42-C27C7DF332B2}.Release|Any CPU.Build.0 = Release|Any CPU
		{82EE114A-43E0-47B5-936A-DD797C006D84}.Debug|Any CPU.ActiveCfg = Debug|Any CPU
		{82EE114A-43E0-47B5-936A-DD797C006D84}.Debug|Any CPU.Build.0 = Debug|Any CPU
		{82EE114A-43E0-47B5-936A-DD797C006D84}.Release|Any CPU.ActiveCfg = Release|Any CPU
		{82EE114A-43E0-47B5-936A-DD797C006D84}.Release|Any CPU.Build.0 = Release|Any CPU
		{5A552DE2-B5D0-4DCE-B133-F4C09DFE9C31}.Debug|Any CPU.ActiveCfg = Debug|Any CPU
		{5A552DE2-B5D0-4DCE-B133-F4C09DFE9C31}.Debug|Any CPU.Build.0 = Debug|Any CPU
		{5A552DE2-B5D0-4DCE-B133-F4C09DFE9C31}.Release|Any CPU.ActiveCfg = Release|Any CPU
		{5A552DE2-B5D0-4DCE-B133-F4C09DFE9C31}.Release|Any CPU.Build.0 = Release|Any CPU
		{3190E15C-685F-4CC1-9560-80952CD6A5D2}.Debug|Any CPU.ActiveCfg = Debug|Any CPU
		{3190E15C-685F-4CC1-9560-80952CD6A5D2}.Debug|Any CPU.Build.0 = Debug|Any CPU
		{3190E15C-685F-4CC1-9560-80952CD6A5D2}.Release|Any CPU.ActiveCfg = Release|Any CPU
		{3190E15C-685F-4CC1-9560-80952CD6A5D2}.Release|Any CPU.Build.0 = Release|Any CPU
		{F5038189-F817-4D60-9523-5D8E1308E1C9}.Debug|Any CPU.ActiveCfg = Debug|Any CPU
		{F5038189-F817-4D60-9523-5D8E1308E1C9}.Debug|Any CPU.Build.0 = Debug|Any CPU
		{F5038189-F817-4D60-9523-5D8E1308E1C9}.Release|Any CPU.ActiveCfg = Release|Any CPU
		{F5038189-F817-4D60-9523-5D8E1308E1C9}.Release|Any CPU.Build.0 = Release|Any CPU
		{D9A8CDA1-6F4B-4309-B705-E8DEA3B068CA}.Debug|Any CPU.ActiveCfg = Debug|Any CPU
		{D9A8CDA1-6F4B-4309-B705-E8DEA3B068CA}.Debug|Any CPU.Build.0 = Debug|Any CPU
		{D9A8CDA1-6F4B-4309-B705-E8DEA3B068CA}.Release|Any CPU.ActiveCfg = Release|Any CPU
		{D9A8CDA1-6F4B-4309-B705-E8DEA3B068CA}.Release|Any CPU.Build.0 = Release|Any CPU
		{83B9C61F-C839-424E-AAF9-3EE4BEFBAC07}.Debug|Any CPU.ActiveCfg = Debug|Any CPU
		{83B9C61F-C839-424E-AAF9-3EE4BEFBAC07}.Debug|Any CPU.Build.0 = Debug|Any CPU
		{83B9C61F-C839-424E-AAF9-3EE4BEFBAC07}.Release|Any CPU.ActiveCfg = Release|Any CPU
		{83B9C61F-C839-424E-AAF9-3EE4BEFBAC07}.Release|Any CPU.Build.0 = Release|Any CPU
		{A72E6B86-994A-4622-84D0-295ACEA39826}.Debug|Any CPU.ActiveCfg = Debug
		{A72E6B86-994A-4622-84D0-295ACEA39826}.Release|Any CPU.ActiveCfg = Release
	EndGlobalSection
	GlobalSection(SolutionProperties) = preSolution
		HideSolutionNode = FALSE
	EndGlobalSection
	GlobalSection(ExtensibilityGlobals) = postSolution
		SolutionGuid = {BFBDE978-37EB-4084-9FDE-D5FE318DA842}
	EndGlobalSection
EndGlobal
